
Microsoft Visual Studio Solution File, Format Version 12.00
# Visual Studio Version 17
VisualStudioVersion = 17.14.36301.6 d17.14
MinimumVisualStudioVersion = 10.0.40219.1
Project("{FAE04EC0-301F-11D3-BF4B-00C04F79EFBC}") = "JobHive", "JobHive\JobHive.csproj", "{2F5B1F46-4A43-4CA1-9271-DEB3A93AE789}"
EndProject
Global
	GlobalSection(SolutionConfigurationPlatforms) = preSolution
		Debug|Any CPU = Debug|Any CPU
		Release|Any CPU = Release|Any CPU
	EndGlobalSection
	GlobalSection(ProjectConfigurationPlatforms) = postSolution
		{2F5B1F46-4A43-4CA1-9271-DEB3A93AE789}.Debug|Any CPU.ActiveCfg = Debug|Any CPU
		{2F5B1F46-4A43-4CA1-9271-DEB3A93AE789}.Debug|Any CPU.Build.0 = Debug|Any CPU
		{2F5B1F46-4A43-4CA1-9271-DEB3A93AE789}.Release|Any CPU.ActiveCfg = Release|Any CPU
		{2F5B1F46-4A43-4CA1-9271-DEB3A93AE789}.Release|Any CPU.Build.0 = Release|Any CPU
	EndGlobalSection
	GlobalSection(SolutionProperties) = preSolution
		HideSolutionNode = FALSE
	EndGlobalSection
	GlobalSection(ExtensibilityGlobals) = postSolution
		SolutionGuid = {95FCC260-22E9-43DB-99AD-9E24F6A6492F}
	EndGlobalSection
EndGlobal
